
Microsoft Visual Studio Solution File, Format Version 12.00
# Visual Studio Version 16
VisualStudioVersion = 16.0.30204.135
MinimumVisualStudioVersion = 10.0.40219.1
Project("{FAE04EC0-301F-11D3-BF4B-00C04F79EFBC}") = "Cb_henrique_trabalho", "Cb_henrique_trabalho\Cb_henrique_trabalho.csproj", "{F4172F55-062F-4B00-8BFC-EA66B0216083}"
EndProject
Global
	GlobalSection(SolutionConfigurationPlatforms) = preSolution
		Debug|Any CPU = Debug|Any CPU
		Release|Any CPU = Release|Any CPU
	EndGlobalSection
	GlobalSection(ProjectConfigurationPlatforms) = postSolution
		{F4172F55-062F-4B00-8BFC-EA66B0216083}.Debug|Any CPU.ActiveCfg = Debug|Any CPU
		{F4172F55-062F-4B00-8BFC-EA66B0216083}.Debug|Any CPU.Build.0 = Debug|Any CPU
		{F4172F55-062F-4B00-8BFC-EA66B0216083}.Release|Any CPU.ActiveCfg = Release|Any CPU
		{F4172F55-062F-4B00-8BFC-EA66B0216083}.Release|Any CPU.Build.0 = Release|Any CPU
	EndGlobalSection
	GlobalSection(SolutionProperties) = preSolution
		HideSolutionNode = FALSE
	EndGlobalSection
	GlobalSection(ExtensibilityGlobals) = postSolution
		SolutionGuid = {8D0D9E5C-2543-47D8-9A36-4EBABF3E5DE5}
	EndGlobalSection
EndGlobal
