
Microsoft Visual Studio Solution File, Format Version 12.00
# Visual Studio Version 16
VisualStudioVersion = 16.0.30225.117
MinimumVisualStudioVersion = 10.0.40219.1
Project("{FAE04EC0-301F-11D3-BF4B-00C04F79EFBC}") = "Condicional_ternaria", "Condicional_ternaria\Condicional_ternaria.csproj", "{EF9280BE-DD9A-4F27-A656-8A3584C96462}"
EndProject
Global
	GlobalSection(SolutionConfigurationPlatforms) = preSolution
		Debug|Any CPU = Debug|Any CPU
		Release|Any CPU = Release|Any CPU
	EndGlobalSection
	GlobalSection(ProjectConfigurationPlatforms) = postSolution
		{EF9280BE-DD9A-4F27-A656-8A3584C96462}.Debug|Any CPU.ActiveCfg = Debug|Any CPU
		{EF9280BE-DD9A-4F27-A656-8A3584C96462}.Debug|Any CPU.Build.0 = Debug|Any CPU
		{EF9280BE-DD9A-4F27-A656-8A3584C96462}.Release|Any CPU.ActiveCfg = Release|Any CPU
		{EF9280BE-DD9A-4F27-A656-8A3584C96462}.Release|Any CPU.Build.0 = Release|Any CPU
	EndGlobalSection
	GlobalSection(SolutionProperties) = preSolution
		HideSolutionNode = FALSE
	EndGlobalSection
	GlobalSection(ExtensibilityGlobals) = postSolution
		SolutionGuid = {AB8358F7-05DA-494C-B867-CF8585E02CD5}
	EndGlobalSection
EndGlobal
