
Microsoft Visual Studio Solution File, Format Version 12.00
# Visual Studio Version 16
VisualStudioVersion = 16.0.30225.117
MinimumVisualStudioVersion = 10.0.40219.1
Project("{FAE04EC0-301F-11D3-BF4B-00C04F79EFBC}") = "Trabalho_Herrique", "Trabalho_Herrique\Trabalho_Herrique.csproj", "{960A25D1-F1B6-4560-A95B-C412C7E71253}"
EndProject
Global
	GlobalSection(SolutionConfigurationPlatforms) = preSolution
		Debug|Any CPU = Debug|Any CPU
		Release|Any CPU = Release|Any CPU
	EndGlobalSection
	GlobalSection(ProjectConfigurationPlatforms) = postSolution
		{960A25D1-F1B6-4560-A95B-C412C7E71253}.Debug|Any CPU.ActiveCfg = Debug|Any CPU
		{960A25D1-F1B6-4560-A95B-C412C7E71253}.Debug|Any CPU.Build.0 = Debug|Any CPU
		{960A25D1-F1B6-4560-A95B-C412C7E71253}.Release|Any CPU.ActiveCfg = Release|Any CPU
		{960A25D1-F1B6-4560-A95B-C412C7E71253}.Release|Any CPU.Build.0 = Release|Any CPU
	EndGlobalSection
	GlobalSection(SolutionProperties) = preSolution
		HideSolutionNode = FALSE
	EndGlobalSection
	GlobalSection(ExtensibilityGlobals) = postSolution
		SolutionGuid = {20954BE7-F037-4EA1-B6F4-B9BBBEF81BC3}
	EndGlobalSection
EndGlobal
