
Microsoft Visual Studio Solution File, Format Version 12.00
# Visual Studio Version 16
VisualStudioVersion = 16.0.30225.117
MinimumVisualStudioVersion = 10.0.40219.1
Project("{FAE04EC0-301F-11D3-BF4B-00C04F79EFBC}") = "Modifcador_ref_exemplo", "Modifcador_ref_exemplo\Modifcador_ref_exemplo.csproj", "{609B7E90-0EC4-4D10-B2B6-73D4A60EC1DA}"
EndProject
Global
	GlobalSection(SolutionConfigurationPlatforms) = preSolution
		Debug|Any CPU = Debug|Any CPU
		Release|Any CPU = Release|Any CPU
	EndGlobalSection
	GlobalSection(ProjectConfigurationPlatforms) = postSolution
		{609B7E90-0EC4-4D10-B2B6-73D4A60EC1DA}.Debug|Any CPU.ActiveCfg = Debug|Any CPU
		{609B7E90-0EC4-4D10-B2B6-73D4A60EC1DA}.Debug|Any CPU.Build.0 = Debug|Any CPU
		{609B7E90-0EC4-4D10-B2B6-73D4A60EC1DA}.Release|Any CPU.ActiveCfg = Release|Any CPU
		{609B7E90-0EC4-4D10-B2B6-73D4A60EC1DA}.Release|Any CPU.Build.0 = Release|Any CPU
	EndGlobalSection
	GlobalSection(SolutionProperties) = preSolution
		HideSolutionNode = FALSE
	EndGlobalSection
	GlobalSection(ExtensibilityGlobals) = postSolution
		SolutionGuid = {791FD8EF-0C3C-441D-9EC9-9203537DEA2F}
	EndGlobalSection
EndGlobal
