
Microsoft Visual Studio Solution File, Format Version 12.00
# Visual Studio Version 16
VisualStudioVersion = 16.0.30225.117
MinimumVisualStudioVersion = 10.0.40219.1
Project("{FAE04EC0-301F-11D3-BF4B-00C04F79EFBC}") = "Date_time", "Date_time\Date_time.csproj", "{2E2E2D0E-728C-4746-B212-56073665EAD0}"
EndProject
Global
	GlobalSection(SolutionConfigurationPlatforms) = preSolution
		Debug|Any CPU = Debug|Any CPU
		Release|Any CPU = Release|Any CPU
	EndGlobalSection
	GlobalSection(ProjectConfigurationPlatforms) = postSolution
		{2E2E2D0E-728C-4746-B212-56073665EAD0}.Debug|Any CPU.ActiveCfg = Debug|Any CPU
		{2E2E2D0E-728C-4746-B212-56073665EAD0}.Debug|Any CPU.Build.0 = Debug|Any CPU
		{2E2E2D0E-728C-4746-B212-56073665EAD0}.Release|Any CPU.ActiveCfg = Release|Any CPU
		{2E2E2D0E-728C-4746-B212-56073665EAD0}.Release|Any CPU.Build.0 = Release|Any CPU
	EndGlobalSection
	GlobalSection(SolutionProperties) = preSolution
		HideSolutionNode = FALSE
	EndGlobalSection
	GlobalSection(ExtensibilityGlobals) = postSolution
		SolutionGuid = {DC3244B7-AA60-4D89-8A4A-F18171091E8A}
	EndGlobalSection
EndGlobal
