
Microsoft Visual Studio Solution File, Format Version 12.00
# Visual Studio Version 16
VisualStudioVersion = 16.0.30225.117
MinimumVisualStudioVersion = 10.0.40219.1
Project("{FAE04EC0-301F-11D3-BF4B-00C04F79EFBC}") = "Exercicio_resolvido_matriz", "Exercicio_resolvido_matriz\Exercicio_resolvido_matriz.csproj", "{EF4931AF-7175-4455-B460-18023EFBFDB2}"
EndProject
Global
	GlobalSection(SolutionConfigurationPlatforms) = preSolution
		Debug|Any CPU = Debug|Any CPU
		Release|Any CPU = Release|Any CPU
	EndGlobalSection
	GlobalSection(ProjectConfigurationPlatforms) = postSolution
		{EF4931AF-7175-4455-B460-18023EFBFDB2}.Debug|Any CPU.ActiveCfg = Debug|Any CPU
		{EF4931AF-7175-4455-B460-18023EFBFDB2}.Debug|Any CPU.Build.0 = Debug|Any CPU
		{EF4931AF-7175-4455-B460-18023EFBFDB2}.Release|Any CPU.ActiveCfg = Release|Any CPU
		{EF4931AF-7175-4455-B460-18023EFBFDB2}.Release|Any CPU.Build.0 = Release|Any CPU
	EndGlobalSection
	GlobalSection(SolutionProperties) = preSolution
		HideSolutionNode = FALSE
	EndGlobalSection
	GlobalSection(ExtensibilityGlobals) = postSolution
		SolutionGuid = {C8FACF6F-7F42-4251-9109-8DF4321CFA5C}
	EndGlobalSection
EndGlobal
