
Microsoft Visual Studio Solution File, Format Version 12.00
# Visual Studio Version 16
VisualStudioVersion = 16.0.30204.135
MinimumVisualStudioVersion = 10.0.40219.1
Project("{FAE04EC0-301F-11D3-BF4B-00C04F79EFBC}") = "problema_exemplo_2", "problema_exemplo_2\problema_exemplo_2.csproj", "{FA73F413-A145-4C23-AD38-F3FD11B47E90}"
EndProject
Global
	GlobalSection(SolutionConfigurationPlatforms) = preSolution
		Debug|Any CPU = Debug|Any CPU
		Release|Any CPU = Release|Any CPU
	EndGlobalSection
	GlobalSection(ProjectConfigurationPlatforms) = postSolution
		{FA73F413-A145-4C23-AD38-F3FD11B47E90}.Debug|Any CPU.ActiveCfg = Debug|Any CPU
		{FA73F413-A145-4C23-AD38-F3FD11B47E90}.Debug|Any CPU.Build.0 = Debug|Any CPU
		{FA73F413-A145-4C23-AD38-F3FD11B47E90}.Release|Any CPU.ActiveCfg = Release|Any CPU
		{FA73F413-A145-4C23-AD38-F3FD11B47E90}.Release|Any CPU.Build.0 = Release|Any CPU
	EndGlobalSection
	GlobalSection(SolutionProperties) = preSolution
		HideSolutionNode = FALSE
	EndGlobalSection
	GlobalSection(ExtensibilityGlobals) = postSolution
		SolutionGuid = {7F5D1773-5C05-4455-9928-3596DA4E46E2}
	EndGlobalSection
EndGlobal
